# Generated by scripts/lua-rocks.sh update. Dependency order is significant.
lua_cliargs 3.0.2-1 eea2551e3fca79b4643a62bca7136ca4d7ae5c892c744c632ab3617563b2e3be 6b6ac90c9d8d3178ce4ee3daaa58f7f8964e2d994a1894a2502cb5b480c58c73
luasystem 0.7.1-1 9f7a67f86df6268e5b1cab30b753303c1f4a08129f0b3de935104b3fff541682 05ca6f71027fd72c3f1624be0ff99498ac26c9ed70549e7db1f57224c4ea0ecb
dkjson 2.11-1 5139b907b8f5d39301c7f0b8e50a09ac1d05a38619863664c2f74cd01cd66f3a 7ff0c72faea288187407ebad96947d07e727da2ab586f952f23d0456de52a233
say 1.4.1-3 5852add6259eca33bd03c486d0a517f2d912f49bccaa854cf02281520bae2b46 7827af6343e5d682a7a18274c78e05e927052778da8a095c2e2e3d083490a930
luassert 1.9.0-1 ad33ef17f18afe33271ffab8c1bc1308604510b5a1f8972f1de3821406c87fae 27a11bbb508d554265a650dd579ca8bfee66a9ea07b0817a6394e8884a72e948
lua-term 0.8-1 401fdb79f234a0904805d68cf9afb3b904fc7539347fe6432d0c6ad487a4489c ca9132b9e287a0f59ae1ab079ecc7328349a1f3a2f1c8e207d297c22848f2f81
luafilesystem 1.9.0-1 32bbfb40a23a10063a8f332b874556019232e4a01e9bcd9c0cfb422118e2e1c9 7ec3fa034663cd84cdb332b6130b823af8dda41f703fb63a3d85e99a2d070f87
penlight 1.15.0-1 6e5b77b2a973fbbe94f1102d3ed7ef12ac38f9500223dd131479fe7d37109554 c292298477c31c8527a8632fa7dbf0d52c0c09ec9ba037d0a60bd0bbb8ffd962
mediator_lua 1.1.2-0 751debefe0aa00fa93c0ae6371922055289e9948b0231d1430c214118fdb3f3b 1bc2dfd90f95b5e586526288d37042b4f71a41876c45768d212f11a8ae2c8e1b
busted 2.3.0-1 242c883e122ab3c0cb3118e729a68b5056dea9c4dce3260c45de813cc00cc4b5 9091564ff2c28fef74b9b1a389f1227ffb54948956af53b974f5d07cb4a9fc30
datafile 0.11-1 d830ee3df259bacb651fdd0cb08b4ebe94efdbec1e288c851364b03f15f62026 177a4173723e865678e6037da53cf77c0f8143e744cfb239dca2282f333fffc5
luacov 0.16.0-1 7db752fa40afc8c944d6a5194c39beb06c2ba1ad4d091d18152474d1ae29c0fa 97579ef87c4ad61f72546fc4d4d7bba6102b1379a6e097a18b52dcf923bf25fc
argparse 0.7.2-1 ea4be33712df2efb29fe053dd8c660b1320beae409772cfed229194aff8ce7ab a7844dfe9ea30d5f4b14675f88121b9223bf82edcd39e6d1435a2a38b68260da
luacheck 1.2.0-1 ccd4007e6b40ac1e8ffd1b4da969b1c223dbd8184ab5c02367e8c282efcdd54a 9b3e02bd1afbee8d26c61f33bd723c6d54fbe2cedd1038784eb2caeab4b74032
